
Microsoft Visual Studio Solution File, Format Version 12.00
# Visual Studio 15
VisualStudioVersion = 15.0.27428.2043
MinimumVisualStudioVersion = 10.0.40219.1
Project("{FAE04EC0-301F-11D3-BF4B-00C04F79EFBC}") = "Semana05", "Semana05\Semana05.csproj", "{781AAE54-141D-4A08-B9D1-2EA116E80F7E}"
EndProject
Global
	GlobalSection(SolutionConfigurationPlatforms) = preSolution
		Debug|Any CPU = Debug|Any CPU
		Release|Any CPU = Release|Any CPU
	EndGlobalSection
	GlobalSection(ProjectConfigurationPlatforms) = postSolution
		{781AAE54-141D-4A08-B9D1-2EA116E80F7E}.Debug|Any CPU.ActiveCfg = Debug|Any CPU
		{781AAE54-141D-4A08-B9D1-2EA116E80F7E}.Debug|Any CPU.Build.0 = Debug|Any CPU
		{781AAE54-141D-4A08-B9D1-2EA116E80F7E}.Release|Any CPU.ActiveCfg = Release|Any CPU
		{781AAE54-141D-4A08-B9D1-2EA116E80F7E}.Release|Any CPU.Build.0 = Release|Any CPU
	EndGlobalSection
	GlobalSection(SolutionProperties) = preSolution
		HideSolutionNode = FALSE
	EndGlobalSection
	GlobalSection(ExtensibilityGlobals) = postSolution
		SolutionGuid = {418F2173-50F4-40C0-B238-EC90CEB40695}
	EndGlobalSection
EndGlobal
